
Microsoft Visual Studio Solution File, Format Version 12.00
# Visual Studio Version 16
VisualStudioVersion = 16.0.32106.194
MinimumVisualStudioVersion = 10.0.40219.1
Project("{FAE04EC0-301F-11D3-BF4B-00C04F79EFBC}") = "A3GoodGums", "A3GoodGums.csproj", "{0D5AB0F0-0C0A-45F0-80B0-001546FA0D7B}"
EndProject
Project("{2150E333-8FDC-42A3-9474-1A3956D46DE8}") = "Solution Items", "Solution Items", "{DB7EEAFD-6DCA-4C3F-8E87-E19CF0A12943}"
	ProjectSection(SolutionItems) = preProject
		.editorconfig = .editorconfig
	EndProjectSection
EndProject
Global
	GlobalSection(SolutionConfigurationPlatforms) = preSolution
		Debug|Any CPU = Debug|Any CPU
		Release|Any CPU = Release|Any CPU
	EndGlobalSection
	GlobalSection(ProjectConfigurationPlatforms) = postSolution
		{0D5AB0F0-0C0A-45F0-80B0-001546FA0D7B}.Debug|Any CPU.ActiveCfg = Debug|Any CPU
		{0D5AB0F0-0C0A-45F0-80B0-001546FA0D7B}.Debug|Any CPU.Build.0 = Debug|Any CPU
		{0D5AB0F0-0C0A-45F0-80B0-001546FA0D7B}.Release|Any CPU.ActiveCfg = Release|Any CPU
		{0D5AB0F0-0C0A-45F0-80B0-001546FA0D7B}.Release|Any CPU.Build.0 = Release|Any CPU
	EndGlobalSection
	GlobalSection(SolutionProperties) = preSolution
		HideSolutionNode = FALSE
	EndGlobalSection
	GlobalSection(ExtensibilityGlobals) = postSolution
		SolutionGuid = {4A9F4DBC-2C36-4297-A2EF-202B6EDDBB11}
	EndGlobalSection
EndGlobal
